{
  "name": "@sreyaj/ng-star-rating",
  "version": "1.0.0",
  "lockfileVersion": 1,
  "requires": true,
  "dependencies": {
    "material-icons": {
      "version": "0.3.1",
      "resolved": "https://registry.npmjs.org/material-icons/-/material-icons-0.3.1.tgz",
      "integrity": "sha512-5Hbj76A6xDPcDZEbM4oxTknhWuMwGWnAHVLLPCEq9eVlcHb0fn4koU9ZeyMy1wjARtDEPAHfd5ZdL2Re5hf0zQ=="
    }
  }
}
